github.com/bndr/gotabulate v1.1.2 h1:yC9izuZEphojb9r+KYL4W9IJKO/ceIO8HDwxMA24U4c=
github.com/bndr/gotabulate v1.1.2/go.mod h1:0+8yUgaPTtLRTjf49E8oju7ojpU11YmXyvq1LbPAb3U=
github.com/kr/pretty v0.1.0 h1:L/CwN0zerZDmRFUapSPitk6f+Q3+0za1rQkzVuMiMFI=
github.com/kr/pretty v0.1.0/go.mod h1:dAy3ld7l9f0ibDNOQOHHMYYIIbhfbHSm3C4ZsoJORNo=
github.com/kr/pty v1.1.1/go.mod h1:pFQYn66WHrOpPYNljwOMqo10TkYh1fy3cYio2l3bCsQ=
github.com/kr/text v0.1.0 h1:45sCR5RtlFHMR4UwH9sdQ5TC8v0qDQCHnXt+kaKSTVE=
github.com/kr/text v0.1.0/go.mod h1:4Jbv+DJW3UT/LiOwJeYQe1efqtUx/iVham/4vfdArNI=
github.com/sparrc/go-ping v0.0.0-20190613174326-4e5b6552494c h1:gqEdF4VwBu3lTKGHS9rXE9x1/pEaSwCXRLOZRF6qtlw=
github.com/sparrc/go-ping v0.0.0-20190613174326-4e5b6552494c/go.mod h1:eMyUVp6f/5jnzM+3zahzl7q6UXLbgSc3MKg/+ow9QW0=
github.com/yunpian/yunpian-go-sdk v0.0.0-20171206021512-2193bf8a7459 h1:VMA8aoW32odpGNXkb2Z0oICa7ayWMiueU7trI9qD8qg=
github.com/yunpian/yunpian-go-sdk v0.0.0-20171206021512-2193bf8a7459/go.mod h1:B+TIdkhcQIzSodgDiz0oVwgEcg0RP0YofIP+Ujipypg=
golang.org/x/crypto v0.0.0-20190308221718-c2843e01d9a2/go.mod h1:djNgcEr1/C05ACkg1iLfiJU5Ep61QUkGW8qpdssI0+w=
golang.org/x/net v0.0.0-20191007182048-72f939374954 h1:JGZucVF/L/TotR719NbujzadOZ2AgnYlqphQGHDCKaU=
golang.org/x/net v0.0.0-20191007182048-72f939374954/go.mod h1:z5CRVTTTmAJ677TzLLGU+0bjPO0LkuOLi4/5GtJWs/s=
golang.org/x/sys v0.0.0-20190215142949-d0b11bdaac8a h1:1BGLXjeY4akVXGgbC9HugT3Jv3hCI0z56oJR5vAMgBU=
golang.org/x/sys v0.0.0-20190215142949-d0b11bdaac8a/go.mod h1:STP8DvDyc/dI5b8T5hshtkjS+E42TnysNCUPdjciGhY=
golang.org/x/text v0.3.0/go.mod h1:NqM8EUOU14njkJ3fqMW+pc6Ldnwhi/IjpwHt7yyuwOQ=
gopkg.in/check.v1 v1.0.0-20190902080502-41f04d3bba15 h1:YR8cESwS4TdDjEe65xsg0ogRM/Nc3DYOhEAlW+xobZo=
gopkg.in/check.v1 v1.0.0-20190902080502-41f04d3bba15/go.mod h1:Co6ibVJAznAaIkqp8huTwlJQCZ016jof/cbN4VW5Yz0=
gopkg.in/yaml.v1 v1.0.0-20140924161607-9f9df34309c0 h1:POO/ycCATvegFmVuPpQzZFJ+pGZeX22Ufu6fibxDVjU=
gopkg.in/yaml.v1 v1.0.0-20140924161607-9f9df34309c0/go.mod h1:WDnlLJ4WF5VGsH/HVa3CI79GS0ol3YnhVnKP89i0kNg=
